// !$*UTF8*$!
{
	archiveVersion = 1;
	classes = {
	};
	objectVersion = 50;
	objects = {

/* Begin PBXBuildFile section */
		8409B6F02525E30F00909C21 /* Euler26.h in Sources */ = {isa = PBXBuildFile; fileRef = 8409B6EF2525E30F00909C21 /* Euler26.h */; };
		8409B6F22525EF1100909C21 /* Euler49.h in Sources */ = {isa = PBXBuildFile; fileRef = 8409B6F12525EF1100909C21 /* Euler49.h */; };
		848BCFAF2527598600DA073A /* Euler60.h in Sources */ = {isa = PBXBuildFile; fileRef = 848BCFAE2527598600DA073A /* Euler60.h */; };
		848BCFB1252759D700DA073A /* Prime.h in Sources */ = {isa = PBXBuildFile; fileRef = 848BCFB0252759D700DA073A /* Prime.h */; };
		848BCFB325275A2600DA073A /* Digits.h in Sources */ = {isa = PBXBuildFile; fileRef = 848BCFB225275A2600DA073A /* Digits.h */; };
		84B16FD7252640170047A041 /* Euler51.h in Sources */ = {isa = PBXBuildFile; fileRef = 84B16FD6252640170047A041 /* Euler51.h */; };
		84B750FD2524CA6A00504310 /* main.cpp in Sources */ = {isa = PBXBuildFile; fileRef = 84B750FC2524CA6A00504310 /* main.cpp */; };
		84B751042524CDB100504310 /* Euler20.h in Sources */ = {isa = PBXBuildFile; fileRef = 84B751032524CDB100504310 /* Euler20.h */; };
		84B751062524D95200504310 /* Euler21.h in Sources */ = {isa = PBXBuildFile; fileRef = 84B751052524D95200504310 /* Euler21.h */; };
		84B751082524E1ED00504310 /* Euler22.h in Sources */ = {isa = PBXBuildFile; fileRef = 84B751072524E1ED00504310 /* Euler22.h */; };
/* End PBXBuildFile section */

/* Begin PBXCopyFilesBuildPhase section */
		84B750F72524CA6A00504310 /* CopyFiles */ = {
			isa = PBXCopyFilesBuildPhase;
			buildActionMask = 2147483647;
			dstPath = /usr/share/man/man1/;
			dstSubfolderSpec = 0;
			files = (
			);
			runOnlyForDeploymentPostprocessing = 1;
		};
/* End PBXCopyFilesBuildPhase section */

/* Begin PBXFileReference section */
		8409B6EF2525E30F00909C21 /* Euler26.h */ = {isa = PBXFileReference; lastKnownFileType = sourcecode.c.h; path = Euler26.h; sourceTree = "<group>"; };
		8409B6F12525EF1100909C21 /* Euler49.h */ = {isa = PBXFileReference; lastKnownFileType = sourcecode.c.h; path = Euler49.h; sourceTree = "<group>"; };
		845C6CF32525CAF20081B9DB /* Euler29.h */ = {isa = PBXFileReference; lastKnownFileType = sourcecode.c.h; path = Euler29.h; sourceTree = "<group>"; };
		848BCFAE2527598600DA073A /* Euler60.h */ = {isa = PBXFileReference; lastKnownFileType = sourcecode.c.h; path = Euler60.h; sourceTree = "<group>"; };
		848BCFB0252759D700DA073A /* Prime.h */ = {isa = PBXFileReference; lastKnownFileType = sourcecode.c.h; path = Prime.h; sourceTree = "<group>"; };
		848BCFB225275A2600DA073A /* Digits.h */ = {isa = PBXFileReference; lastKnownFileType = sourcecode.c.h; path = Digits.h; sourceTree = "<group>"; };
		84B16FD6252640170047A041 /* Euler51.h */ = {isa = PBXFileReference; lastKnownFileType = sourcecode.c.h; path = Euler51.h; sourceTree = "<group>"; };
		84B750F92524CA6A00504310 /* ProjectEuler */ = {isa = PBXFileReference; explicitFileType = "compiled.mach-o.executable"; includeInIndex = 0; path = ProjectEuler; sourceTree = BUILT_PRODUCTS_DIR; };
		84B750FC2524CA6A00504310 /* main.cpp */ = {isa = PBXFileReference; lastKnownFileType = sourcecode.cpp.cpp; path = main.cpp; sourceTree = "<group>"; };
		84B751032524CDB100504310 /* Euler20.h */ = {isa = PBXFileReference; lastKnownFileType = sourcecode.c.h; path = Euler20.h; sourceTree = "<group>"; };
		84B751052524D95200504310 /* Euler21.h */ = {isa = PBXFileReference; lastKnownFileType = sourcecode.c.h; path = Euler21.h; sourceTree = "<group>"; };
		84B751072524E1ED00504310 /* Euler22.h */ = {isa = PBXFileReference; lastKnownFileType = sourcecode.c.h; path = Euler22.h; sourceTree = "<group>"; };
/* End PBXFileReference section */

/* Begin PBXFrameworksBuildPhase section */
		84B750F62524CA6A00504310 /* Frameworks */ = {
			isa = PBXFrameworksBuildPhase;
			buildActionMask = 2147483647;
			files = (
			);
			runOnlyForDeploymentPostprocessing = 0;
		};
/* End PBXFrameworksBuildPhase section */

/* Begin PBXGroup section */
		84B750F02524CA6A00504310 = {
			isa = PBXGroup;
			children = (
				84B750FB2524CA6A00504310 /* ProjectEuler */,
				84B750FA2524CA6A00504310 /* Products */,
			);
			sourceTree = "<group>";
		};
		84B750FA2524CA6A00504310 /* Products */ = {
			isa = PBXGroup;
			children = (
				84B750F92524CA6A00504310 /* ProjectEuler */,
			);
			name = Products;
			sourceTree = "<group>";
		};
		84B750FB2524CA6A00504310 /* ProjectEuler */ = {
			isa = PBXGroup;
			children = (
				84B750FC2524CA6A00504310 /* main.cpp */,
				84B751032524CDB100504310 /* Euler20.h */,
				84B751052524D95200504310 /* Euler21.h */,
				84B751072524E1ED00504310 /* Euler22.h */,
				8409B6EF2525E30F00909C21 /* Euler26.h */,
				845C6CF32525CAF20081B9DB /* Euler29.h */,
				8409B6F12525EF1100909C21 /* Euler49.h */,
				84B16FD6252640170047A041 /* Euler51.h */,
				848BCFB0252759D700DA073A /* Prime.h */,
				848BCFB225275A2600DA073A /* Digits.h */,
				848BCFAE2527598600DA073A /* Euler60.h */,
			);
			path = ProjectEuler;
			sourceTree = "<group>";
		};
/* End PBXGroup section */

/* Begin PBXNativeTarget section */
		84B750F82524CA6A00504310 /* ProjectEuler */ = {
			isa = PBXNativeTarget;
			buildConfigurationList = 84B751002524CA6A00504310 /* Build configuration list for PBXNativeTarget "ProjectEuler" */;
			buildPhases = (
				84B750F52524CA6A00504310 /* Sources */,
				84B750F62524CA6A00504310 /* Frameworks */,
				84B750F72524CA6A00504310 /* CopyFiles */,
			);
			buildRules = (
			);
			dependencies = (
			);
			name = ProjectEuler;
			productName = ProjectEuler;
			productReference = 84B750F92524CA6A00504310 /* ProjectEuler */;
			productType = "com.apple.product-type.tool";
		};
/* End PBXNativeTarget section */

/* Begin PBXProject section */
		84B750F12524CA6A00504310 /* Project object */ = {
			isa = PBXProject;
			attributes = {
				LastUpgradeCheck = 1120;
				ORGANIZATIONNAME = JZ;
				TargetAttributes = {
					84B750F82524CA6A00504310 = {
						CreatedOnToolsVersion = 11.2.1;
					};
				};
			};
			buildConfigurationList = 84B750F42524CA6A00504310 /* Build configuration list for PBXProject "ProjectEuler" */;
			compatibilityVersion = "Xcode 9.3";
			developmentRegion = en;
			hasScannedForEncodings = 0;
			knownRegions = (
				en,
				Base,
			);
			mainGroup = 84B750F02524CA6A00504310;
			productRefGroup = 84B750FA2524CA6A00504310 /* Products */;
			projectDirPath = "";
			projectRoot = "";
			targets = (
				84B750F82524CA6A00504310 /* ProjectEuler */,
			);
		};
/* End PBXProject section */

/* Begin PBXSourcesBuildPhase section */
		84B750F52524CA6A00504310 /* Sources */ = {
			isa = PBXSourcesBuildPhase;
			buildActionMask = 2147483647;
			files = (
				84B750FD2524CA6A00504310 /* main.cpp in Sources */,
				848BCFB325275A2600DA073A /* Digits.h in Sources */,
				84B16FD7252640170047A041 /* Euler51.h in Sources */,
				8409B6F02525E30F00909C21 /* Euler26.h in Sources */,
				848BCFB1252759D700DA073A /* Prime.h in Sources */,
				8409B6F22525EF1100909C21 /* Euler49.h in Sources */,
				84B751042524CDB100504310 /* Euler20.h in Sources */,
				84B751062524D95200504310 /* Euler21.h in Sources */,
				84B751082524E1ED00504310 /* Euler22.h in Sources */,
				848BCFAF2527598600DA073A /* Euler60.h in Sources */,
			);
			runOnlyForDeploymentPostprocessing = 0;
		};
/* End PBXSourcesBuildPhase section */

/* Begin XCBuildConfiguration section */
		84B750FE2524CA6A00504310 /* Debug */ = {
			isa = XCBuildConfiguration;
			buildSettings = {
				ALWAYS_SEARCH_USER_PATHS = NO;
				CLANG_ANALYZER_NONNULL = YES;
				CLANG_ANALYZER_NUMBER_OBJECT_CONVERSION = YES_AGGRESSIVE;
				CLANG_CXX_LANGUAGE_STANDARD = "gnu++14";
				CLANG_CXX_LIBRARY = "libc++";
				CLANG_ENABLE_MODULES = YES;
				CLANG_ENABLE_OBJC_ARC = YES;
				CLANG_ENABLE_OBJC_WEAK = YES;
				CLANG_WARN_BLOCK_CAPTURE_AUTORELEASING = YES;
				CLANG_WARN_BOOL_CONVERSION = YES;
				CLANG_WARN_COMMA = YES;
				CLANG_WARN_CONSTANT_CONVERSION = YES;
				CLANG_WARN_DEPRECATED_OBJC_IMPLEMENTATIONS = YES;
				CLANG_WARN_DIRECT_OBJC_ISA_USAGE = YES_ERROR;
				CLANG_WARN_DOCUMENTATION_COMMENTS = YES;
				CLANG_WARN_EMPTY_BODY = YES;
				CLANG_WARN_ENUM_CONVERSION = YES;
				CLANG_WARN_INFINITE_RECURSION = YES;
				CLANG_WARN_INT_CONVERSION = YES;
				CLANG_WARN_NON_LITERAL_NULL_CONVERSION = YES;
				CLANG_WARN_OBJC_IMPLICIT_RETAIN_SELF = YES;
				CLANG_WARN_OBJC_LITERAL_CONVERSION = YES;
				CLANG_WARN_OBJC_ROOT_CLASS = YES_ERROR;
				CLANG_WARN_RANGE_LOOP_ANALYSIS = YES;
				CLANG_WARN_STRICT_PROTOTYPES = YES;
				CLANG_WARN_SUSPICIOUS_MOVE = YES;
				CLANG_WARN_UNGUARDED_AVAILABILITY = YES_AGGRESSIVE;
				CLANG_WARN_UNREACHABLE_CODE = YES;
				CLANG_WARN__DUPLICATE_METHOD_MATCH = YES;
				COPY_PHASE_STRIP = NO;
				DEBUG_INFORMATION_FORMAT = dwarf;
				ENABLE_STRICT_OBJC_MSGSEND = YES;
				ENABLE_TESTABILITY = YES;
				GCC_C_LANGUAGE_STANDARD = gnu11;
				GCC_DYNAMIC_NO_PIC = NO;
				GCC_NO_COMMON_BLOCKS = YES;
				GCC_OPTIMIZATION_LEVEL = 0;
				GCC_PREPROCESSOR_DEFINITIONS = (
					"DEBUG=1",
					"$(inherited)",
				);
				GCC_WARN_64_TO_32_BIT_CONVERSION = YES;
				GCC_WARN_ABOUT_RETURN_TYPE = YES_ERROR;
				GCC_WARN_UNDECLARED_SELECTOR = YES;
				GCC_WARN_UNINITIALIZED_AUTOS = YES_AGGRESSIVE;
				GCC_WARN_UNUSED_FUNCTION = YES;
				GCC_WARN_UNUSED_VARIABLE = YES;
				MACOSX_DEPLOYMENT_TARGET = 10.15;
				MTL_ENABLE_DEBUG_INFO = INCLUDE_SOURCE;
				MTL_FAST_MATH = YES;
				ONLY_ACTIVE_ARCH = YES;
				SDKROOT = macosx;
			};
			name = Debug;
		};
		84B750FF2524CA6A00504310 /* Release */ = {
			isa = XCBuildConfiguration;
			buildSettings = {
				ALWAYS_SEARCH_USER_PATHS = NO;
				CLANG_ANALYZER_NONNULL = YES;
				CLANG_ANALYZER_NUMBER_OBJECT_CONVERSION = YES_AGGRESSIVE;
				CLANG_CXX_LANGUAGE_STANDARD = "gnu++14";
				CLANG_CXX_LIBRARY = "libc++";
				CLANG_ENABLE_MODULES = YES;
				CLANG_ENABLE_OBJC_ARC = YES;
				CLANG_ENABLE_OBJC_WEAK = YES;
				CLANG_WARN_BLOCK_CAPTURE_AUTORELEASING = YES;
				CLANG_WARN_BOOL_CONVERSION = YES;
				CLANG_WARN_COMMA = YES;
				CLANG_WARN_CONSTANT_CONVERSION = YES;
				CLANG_WARN_DEPRECATED_OBJC_IMPLEMENTATIONS = YES;
				CLANG_WARN_DIRECT_OBJC_ISA_USAGE = YES_ERROR;
				CLANG_WARN_DOCUMENTATION_COMMENTS = YES;
				CLANG_WARN_EMPTY_BODY = YES;
				CLANG_WARN_ENUM_CONVERSION = YES;
				CLANG_WARN_INFINITE_RECURSION = YES;
				CLANG_WARN_INT_CONVERSION = YES;
				CLANG_WARN_NON_LITERAL_NULL_CONVERSION = YES;
				CLANG_WARN_OBJC_IMPLICIT_RETAIN_SELF = YES;
				CLANG_WARN_OBJC_LITERAL_CONVERSION = YES;
				CLANG_WARN_OBJC_ROOT_CLASS = YES_ERROR;
				CLANG_WARN_RANGE_LOOP_ANALYSIS = YES;
				CLANG_WARN_STRICT_PROTOTYPES = YES;
				CLANG_WARN_SUSPICIOUS_MOVE = YES;
				CLANG_WARN_UNGUARDED_AVAILABILITY = YES_AGGRESSIVE;
				CLANG_WARN_UNREACHABLE_CODE = YES;
				CLANG_WARN__DUPLICATE_METHOD_MATCH = YES;
				COPY_PHASE_STRIP = NO;
				DEBUG_INFORMATION_FORMAT = "dwarf-with-dsym";
				ENABLE_NS_ASSERTIONS = NO;
				ENABLE_STRICT_OBJC_MSGSEND = YES;
				GCC_C_LANGUAGE_STANDARD = gnu11;
				GCC_NO_COMMON_BLOCKS = YES;
				GCC_WARN_64_TO_32_BIT_CONVERSION = YES;
				GCC_WARN_ABOUT_RETURN_TYPE = YES_ERROR;
				GCC_WARN_UNDECLARED_SELECTOR = YES;
				GCC_WARN_UNINITIALIZED_AUTOS = YES_AGGRESSIVE;
				GCC_WARN_UNUSED_FUNCTION = YES;
				GCC_WARN_UNUSED_VARIABLE = YES;
				MACOSX_DEPLOYMENT_TARGET = 10.15;
				MTL_ENABLE_DEBUG_INFO = NO;
				MTL_FAST_MATH = YES;
				SDKROOT = macosx;
			};
			name = Release;
		};
		84B751012524CA6A00504310 /* Debug */ = {
			isa = XCBuildConfiguration;
			buildSettings = {
				CODE_SIGN_STYLE = Automatic;
				PRODUCT_NAME = "$(TARGET_NAME)";
			};
			name = Debug;
		};
		84B751022524CA6A00504310 /* Release */ = {
			isa = XCBuildConfiguration;
			buildSettings = {
				CODE_SIGN_STYLE = Automatic;
				PRODUCT_NAME = "$(TARGET_NAME)";
			};
			name = Release;
		};
/* End XCBuildConfiguration section */

/* Begin XCConfigurationList section */
		84B750F42524CA6A00504310 /* Build configuration list for PBXProject "ProjectEuler" */ = {
			isa = XCConfigurationList;
			buildConfigurations = (
				84B750FE2524CA6A00504310 /* Debug */,
				84B750FF2524CA6A00504310 /* Release */,
			);
			defaultConfigurationIsVisible = 0;
			defaultConfigurationName = Release;
		};
		84B751002524CA6A00504310 /* Build configuration list for PBXNativeTarget "ProjectEuler" */ = {
			isa = XCConfigurationList;
			buildConfigurations = (
				84B751012524CA6A00504310 /* Debug */,
				84B751022524CA6A00504310 /* Release */,
			);
			defaultConfigurationIsVisible = 0;
			defaultConfigurationName = Release;
		};
/* End XCConfigurationList section */
	};
	rootObject = 84B750F12524CA6A00504310 /* Project object */;
}
